
Microsoft Visual Studio Solution File, Format Version 12.00
# Visual Studio Version 17
VisualStudioVersion = 17.13.35825.156 d17.13
MinimumVisualStudioVersion = 10.0.40219.1
Project("{FAE04EC0-301F-11D3-BF4B-00C04F79EFBC}") = "AuthService.Api", "AuthService.Api\AuthService.Api.csproj", "{CDA5BD75-CEE9-4750-9DFA-7952F0E1F748}"
EndProject
Project("{FAE04EC0-301F-11D3-BF4B-00C04F79EFBC}") = "CodeSubmissionService.Api", "CodeSubmissionService.Api\CodeSubmissionService.Api.csproj", "{D00CDE68-8A91-4F0E-B52C-F592701A8998}"
EndProject
Project("{FAE04EC0-301F-11D3-BF4B-00C04F79EFBC}") = "AIAnalysisService.Api", "AIAnalysisService.Api\AIAnalysisService.Api.csproj", "{32D6D03A-9B70-40D7-853C-3A4E1F8FA0FD}"
EndProject
Project("{FAE04EC0-301F-11D3-BF4B-00C04F79EFBC}") = "ReportService.Api", "ReportService.Api\ReportService.Api.csproj", "{1D5D2E7F-73EB-474A-9734-64B7D37ADFEE}"
EndProject
Project("{FAE04EC0-301F-11D3-BF4B-00C04F79EFBC}") = "Gateway.API", "Gateway.API\Gateway.API.csproj", "{2DD9ED43-E84C-4596-8B32-2E95A40E8CB1}"
EndProject
Global
	GlobalSection(SolutionConfigurationPlatforms) = preSolution
		Debug|Any CPU = Debug|Any CPU
		Release|Any CPU = Release|Any CPU
	EndGlobalSection
	GlobalSection(ProjectConfigurationPlatforms) = postSolution
		{CDA5BD75-CEE9-4750-9DFA-7952F0E1F748}.Debug|Any CPU.ActiveCfg = Debug|Any CPU
		{CDA5BD75-CEE9-4750-9DFA-7952F0E1F748}.Debug|Any CPU.Build.0 = Debug|Any CPU
		{CDA5BD75-CEE9-4750-9DFA-7952F0E1F748}.Release|Any CPU.ActiveCfg = Release|Any CPU
		{CDA5BD75-CEE9-4750-9DFA-7952F0E1F748}.Release|Any CPU.Build.0 = Release|Any CPU
		{D00CDE68-8A91-4F0E-B52C-F592701A8998}.Debug|Any CPU.ActiveCfg = Debug|Any CPU
		{D00CDE68-8A91-4F0E-B52C-F592701A8998}.Debug|Any CPU.Build.0 = Debug|Any CPU
		{D00CDE68-8A91-4F0E-B52C-F592701A8998}.Release|Any CPU.ActiveCfg = Release|Any CPU
		{D00CDE68-8A91-4F0E-B52C-F592701A8998}.Release|Any CPU.Build.0 = Release|Any CPU
		{32D6D03A-9B70-40D7-853C-3A4E1F8FA0FD}.Debug|Any CPU.ActiveCfg = Debug|Any CPU
		{32D6D03A-9B70-40D7-853C-3A4E1F8FA0FD}.Debug|Any CPU.Build.0 = Debug|Any CPU
		{32D6D03A-9B70-40D7-853C-3A4E1F8FA0FD}.Release|Any CPU.ActiveCfg = Release|Any CPU
		{32D6D03A-9B70-40D7-853C-3A4E1F8FA0FD}.Release|Any CPU.Build.0 = Release|Any CPU
		{1D5D2E7F-73EB-474A-9734-64B7D37ADFEE}.Debug|Any CPU.ActiveCfg = Debug|Any CPU
		{1D5D2E7F-73EB-474A-9734-64B7D37ADFEE}.Debug|Any CPU.Build.0 = Debug|Any CPU
		{1D5D2E7F-73EB-474A-9734-64B7D37ADFEE}.Release|Any CPU.ActiveCfg = Release|Any CPU
		{1D5D2E7F-73EB-474A-9734-64B7D37ADFEE}.Release|Any CPU.Build.0 = Release|Any CPU
		{2DD9ED43-E84C-4596-8B32-2E95A40E8CB1}.Debug|Any CPU.ActiveCfg = Debug|Any CPU
		{2DD9ED43-E84C-4596-8B32-2E95A40E8CB1}.Debug|Any CPU.Build.0 = Debug|Any CPU
		{2DD9ED43-E84C-4596-8B32-2E95A40E8CB1}.Release|Any CPU.ActiveCfg = Release|Any CPU
		{2DD9ED43-E84C-4596-8B32-2E95A40E8CB1}.Release|Any CPU.Build.0 = Release|Any CPU
	EndGlobalSection
	GlobalSection(SolutionProperties) = preSolution
		HideSolutionNode = FALSE
	EndGlobalSection
	GlobalSection(ExtensibilityGlobals) = postSolution
		SolutionGuid = {3600EBA2-6F9C-4F3D-8B25-A231278E6837}
	EndGlobalSection
EndGlobal
